
Microsoft Visual Studio Solution File, Format Version 12.00
# Visual Studio Version 16
VisualStudioVersion = 16.0.29728.190
MinimumVisualStudioVersion = 10.0.40219.1
Project("{9A19103F-16F7-4668-BE54-9A1E7A4F7556}") = "covid.services", "covid.services\covid.services.csproj", "{2CE2312C-3228-4F42-B87A-40F3917E8F3C}"
EndProject
Project("{9A19103F-16F7-4668-BE54-9A1E7A4F7556}") = "covid.tests", "covid.tests\covid.tests.csproj", "{02CC0A9A-4C3B-44EF-97B9-EADCD61011F2}"
EndProject
Project("{9A19103F-16F7-4668-BE54-9A1E7A4F7556}") = "covid.core", "covid-data\covid.core.csproj", "{C76A58F4-2500-4A0A-B429-58F612760D74}"
EndProject
Project("{2150E333-8FDC-42A3-9474-1A3956D46DE8}") = "Solution Items", "Solution Items", "{95578CE6-56B5-4F00-BDBF-A9A06CDF8F52}"
	ProjectSection(SolutionItems) = preProject
		.gitignore = .gitignore
		README.md = README.md
	EndProjectSection
EndProject
Project("{9A19103F-16F7-4668-BE54-9A1E7A4F7556}") = "covid.web", "covid.web\covid.web.csproj", "{A30158CA-A4F0-446D-A8ED-58F31C75E05A}"
EndProject
Project("{2150E333-8FDC-42A3-9474-1A3956D46DE8}") = "ScreenShots", "ScreenShots", "{6664E56E-37DA-4F80-ACA0-CB76544770F8}"
	ProjectSection(SolutionItems) = preProject
		2020_03_20_19_25_30_Corona_Virus_Dashboard.png = 2020_03_20_19_25_30_Corona_Virus_Dashboard.png
	EndProjectSection
EndProject
Global
	GlobalSection(SolutionConfigurationPlatforms) = preSolution
		Debug|Any CPU = Debug|Any CPU
		Release|Any CPU = Release|Any CPU
	EndGlobalSection
	GlobalSection(ProjectConfigurationPlatforms) = postSolution
		{2CE2312C-3228-4F42-B87A-40F3917E8F3C}.Debug|Any CPU.ActiveCfg = Debug|Any CPU
		{2CE2312C-3228-4F42-B87A-40F3917E8F3C}.Debug|Any CPU.Build.0 = Debug|Any CPU
		{2CE2312C-3228-4F42-B87A-40F3917E8F3C}.Release|Any CPU.ActiveCfg = Release|Any CPU
		{2CE2312C-3228-4F42-B87A-40F3917E8F3C}.Release|Any CPU.Build.0 = Release|Any CPU
		{02CC0A9A-4C3B-44EF-97B9-EADCD61011F2}.Debug|Any CPU.ActiveCfg = Debug|Any CPU
		{02CC0A9A-4C3B-44EF-97B9-EADCD61011F2}.Debug|Any CPU.Build.0 = Debug|Any CPU
		{02CC0A9A-4C3B-44EF-97B9-EADCD61011F2}.Release|Any CPU.ActiveCfg = Release|Any CPU
		{02CC0A9A-4C3B-44EF-97B9-EADCD61011F2}.Release|Any CPU.Build.0 = Release|Any CPU
		{C76A58F4-2500-4A0A-B429-58F612760D74}.Debug|Any CPU.ActiveCfg = Debug|Any CPU
		{C76A58F4-2500-4A0A-B429-58F612760D74}.Debug|Any CPU.Build.0 = Debug|Any CPU
		{C76A58F4-2500-4A0A-B429-58F612760D74}.Release|Any CPU.ActiveCfg = Release|Any CPU
		{C76A58F4-2500-4A0A-B429-58F612760D74}.Release|Any CPU.Build.0 = Release|Any CPU
		{A30158CA-A4F0-446D-A8ED-58F31C75E05A}.Debug|Any CPU.ActiveCfg = Debug|Any CPU
		{A30158CA-A4F0-446D-A8ED-58F31C75E05A}.Debug|Any CPU.Build.0 = Debug|Any CPU
		{A30158CA-A4F0-446D-A8ED-58F31C75E05A}.Release|Any CPU.ActiveCfg = Release|Any CPU
		{A30158CA-A4F0-446D-A8ED-58F31C75E05A}.Release|Any CPU.Build.0 = Release|Any CPU
	EndGlobalSection
	GlobalSection(SolutionProperties) = preSolution
		HideSolutionNode = FALSE
	EndGlobalSection
	GlobalSection(NestedProjects) = preSolution
		{6664E56E-37DA-4F80-ACA0-CB76544770F8} = {95578CE6-56B5-4F00-BDBF-A9A06CDF8F52}
	EndGlobalSection
	GlobalSection(ExtensibilityGlobals) = postSolution
		SolutionGuid = {799AF1F0-3914-40BB-8115-BD3B4DAB5895}
	EndGlobalSection
EndGlobal
